
Microsoft Visual Studio Solution File, Format Version 12.00
# Visual Studio Version 17
VisualStudioVersion = 17.12.35527.113
MinimumVisualStudioVersion = 10.0.40219.1
Project("{FAE04EC0-301F-11D3-BF4B-00C04F79EFBC}") = "MuensterData.WebApp", "MuensterData.WebApp\MuensterData.WebApp.csproj", "{00F5990A-78F4-47C5-8C69-D64932F105FB}"
EndProject
Project("{FAE04EC0-301F-11D3-BF4B-00C04F79EFBC}") = "MuensterData.Infrastructure", "MuensterData.Infrastructure\MuensterData.Infrastructure.csproj", "{057DDB94-2E34-48CF-8BE9-38A8BF7BFEAD}"
EndProject
Project("{FAE04EC0-301F-11D3-BF4B-00C04F79EFBC}") = "MuensterData.Domain", "MuensterData.Domain\MuensterData.Domain.csproj", "{253AF03B-0E28-4579-8E8C-EBAC4A39ADA8}"
EndProject
Global
	GlobalSection(SolutionConfigurationPlatforms) = preSolution
		Debug|Any CPU = Debug|Any CPU
		Release|Any CPU = Release|Any CPU
	EndGlobalSection
	GlobalSection(ProjectConfigurationPlatforms) = postSolution
		{00F5990A-78F4-47C5-8C69-D64932F105FB}.Debug|Any CPU.ActiveCfg = Debug|Any CPU
		{00F5990A-78F4-47C5-8C69-D64932F105FB}.Debug|Any CPU.Build.0 = Debug|Any CPU
		{00F5990A-78F4-47C5-8C69-D64932F105FB}.Release|Any CPU.ActiveCfg = Release|Any CPU
		{00F5990A-78F4-47C5-8C69-D64932F105FB}.Release|Any CPU.Build.0 = Release|Any CPU
		{057DDB94-2E34-48CF-8BE9-38A8BF7BFEAD}.Debug|Any CPU.ActiveCfg = Debug|Any CPU
		{057DDB94-2E34-48CF-8BE9-38A8BF7BFEAD}.Debug|Any CPU.Build.0 = Debug|Any CPU
		{057DDB94-2E34-48CF-8BE9-38A8BF7BFEAD}.Release|Any CPU.ActiveCfg = Release|Any CPU
		{057DDB94-2E34-48CF-8BE9-38A8BF7BFEAD}.Release|Any CPU.Build.0 = Release|Any CPU
		{253AF03B-0E28-4579-8E8C-EBAC4A39ADA8}.Debug|Any CPU.ActiveCfg = Debug|Any CPU
		{253AF03B-0E28-4579-8E8C-EBAC4A39ADA8}.Debug|Any CPU.Build.0 = Debug|Any CPU
		{253AF03B-0E28-4579-8E8C-EBAC4A39ADA8}.Release|Any CPU.ActiveCfg = Release|Any CPU
		{253AF03B-0E28-4579-8E8C-EBAC4A39ADA8}.Release|Any CPU.Build.0 = Release|Any CPU
	EndGlobalSection
	GlobalSection(SolutionProperties) = preSolution
		HideSolutionNode = FALSE
	EndGlobalSection
EndGlobal
